// !$*UTF8*$!
{
	archiveVersion = 1;
	classes = {
	};
	objectVersion = 46;
	objects = {

/* Begin PBXBuildFile section */
		059A70D91A1CDBF993EF1FEF /* Pods_SwiftModule.framework in Frameworks */ = {isa = PBXBuildFile; fileRef = 1A332882A5E50AD4FC561884 /* Pods_SwiftModule.framework */; };
		071AC91735B6410D713D467B /* Pods_BusinessB.framework in Frameworks */ = {isa = PBXBuildFile; fileRef = AA08C74B160C4829EBAEFD0D /* Pods_BusinessB.framework */; };
		366EED85B88A0D301635DC7D /* Pods_BusinessA.framework in Frameworks */ = {isa = PBXBuildFile; fileRef = 63533D4A6D269B7DFCCB7E3D /* Pods_BusinessA.framework */; };
		3A0659CA1E17A44A00C00D1F /* AppDelegate.swift in Sources */ = {isa = PBXBuildFile; fileRef = 3A0659C91E17A44A00C00D1F /* AppDelegate.swift */; };
		3A0659CC1E17A44A00C00D1F /* ViewController.swift in Sources */ = {isa = PBXBuildFile; fileRef = 3A0659CB1E17A44A00C00D1F /* ViewController.swift */; };
		3A0659CF1E17A44A00C00D1F /* Main.storyboard in Resources */ = {isa = PBXBuildFile; fileRef = 3A0659CD1E17A44A00C00D1F /* Main.storyboard */; };
		3A0659D11E17A44A00C00D1F /* Assets.xcassets in Resources */ = {isa = PBXBuildFile; fileRef = 3A0659D01E17A44A00C00D1F /* Assets.xcassets */; };
		3A0659D41E17A44A00C00D1F /* LaunchScreen.storyboard in Resources */ = {isa = PBXBuildFile; fileRef = 3A0659D21E17A44A00C00D1F /* LaunchScreen.storyboard */; };
		3A0659F61E17A4CB00C00D1F /* BusinessB.h in Headers */ = {isa = PBXBuildFile; fileRef = 3A0659F41E17A4CB00C00D1F /* BusinessB.h */; settings = {ATTRIBUTES = (Public, ); }; };
		3A0659F91E17A4CB00C00D1F /* BusinessB.framework in Frameworks */ = {isa = PBXBuildFile; fileRef = 3A0659F21E17A4CB00C00D1F /* BusinessB.framework */; };
		3A0659FA1E17A4CB00C00D1F /* BusinessB.framework in Embed Frameworks */ = {isa = PBXBuildFile; fileRef = 3A0659F21E17A4CB00C00D1F /* BusinessB.framework */; settings = {ATTRIBUTES = (CodeSignOnCopy, RemoveHeadersOnCopy, ); }; };
		3A065A071E17A4DB00C00D1F /* BusinessA.h in Headers */ = {isa = PBXBuildFile; fileRef = 3A065A051E17A4DB00C00D1F /* BusinessA.h */; settings = {ATTRIBUTES = (Public, ); }; };
		3A065A0A1E17A4DB00C00D1F /* BusinessA.framework in Frameworks */ = {isa = PBXBuildFile; fileRef = 3A065A031E17A4DB00C00D1F /* BusinessA.framework */; };
		3A065A0B1E17A4DB00C00D1F /* BusinessA.framework in Embed Frameworks */ = {isa = PBXBuildFile; fileRef = 3A065A031E17A4DB00C00D1F /* BusinessA.framework */; settings = {ATTRIBUTES = (CodeSignOnCopy, RemoveHeadersOnCopy, ); }; };
		3A065A101E17A63C00C00D1F /* BBViewController.swift in Sources */ = {isa = PBXBuildFile; fileRef = 3A065A0F1E17A63C00C00D1F /* BBViewController.swift */; };
		3A065A131E17A66A00C00D1F /* BAViewController.swift in Sources */ = {isa = PBXBuildFile; fileRef = 3A065A111E17A66A00C00D1F /* BAViewController.swift */; };
		3A065A141E17A66A00C00D1F /* BAViewController.xib in Resources */ = {isa = PBXBuildFile; fileRef = 3A065A121E17A66A00C00D1F /* BAViewController.xib */; };
/* End PBXBuildFile section */

/* Begin PBXContainerItemProxy section */
		3A0659F71E17A4CB00C00D1F /* PBXContainerItemProxy */ = {
			isa = PBXContainerItemProxy;
			containerPortal = 3A0659BE1E17A44A00C00D1F /* Project object */;
			proxyType = 1;
			remoteGlobalIDString = 3A0659F11E17A4CB00C00D1F;
			remoteInfo = BusinessB;
		};
		3A065A081E17A4DB00C00D1F /* PBXContainerItemProxy */ = {
			isa = PBXContainerItemProxy;
			containerPortal = 3A0659BE1E17A44A00C00D1F /* Project object */;
			proxyType = 1;
			remoteGlobalIDString = 3A065A021E17A4DB00C00D1F;
			remoteInfo = BusinessA;
		};
/* End PBXContainerItemProxy section */

/* Begin PBXCopyFilesBuildPhase section */
		3A0659EC1E17A4B700C00D1F /* Embed Frameworks */ = {
			isa = PBXCopyFilesBuildPhase;
			buildActionMask = 2147483647;
			dstPath = "";
			dstSubfolderSpec = 10;
			files = (
				3A065A0B1E17A4DB00C00D1F /* BusinessA.framework in Embed Frameworks */,
				3A0659FA1E17A4CB00C00D1F /* BusinessB.framework in Embed Frameworks */,
			);
			name = "Embed Frameworks";
			runOnlyForDeploymentPostprocessing = 0;
		};
/* End PBXCopyFilesBuildPhase section */

/* Begin PBXFileReference section */
		05718E4E10E954996F140D55 /* Pods-BusinessA.debug.xcconfig */ = {isa = PBXFileReference; includeInIndex = 1; lastKnownFileType = text.xcconfig; name = "Pods-BusinessA.debug.xcconfig"; path = "Pods/Target Support Files/Pods-BusinessA/Pods-BusinessA.debug.xcconfig"; sourceTree = "<group>"; };
		1A332882A5E50AD4FC561884 /* Pods_SwiftModule.framework */ = {isa = PBXFileReference; explicitFileType = wrapper.framework; includeInIndex = 0; path = Pods_SwiftModule.framework; sourceTree = BUILT_PRODUCTS_DIR; };
		1B8EABE8B7EA200E889462BA /* Pods-SwiftModule.debug.xcconfig */ = {isa = PBXFileReference; includeInIndex = 1; lastKnownFileType = text.xcconfig; name = "Pods-SwiftModule.debug.xcconfig"; path = "Pods/Target Support Files/Pods-SwiftModule/Pods-SwiftModule.debug.xcconfig"; sourceTree = "<group>"; };
		36B6E7DBD9794ED9F0E259A1 /* Pods-SwiftModule.release.xcconfig */ = {isa = PBXFileReference; includeInIndex = 1; lastKnownFileType = text.xcconfig; name = "Pods-SwiftModule.release.xcconfig"; path = "Pods/Target Support Files/Pods-SwiftModule/Pods-SwiftModule.release.xcconfig"; sourceTree = "<group>"; };
		3A0659C61E17A44A00C00D1F /* SwiftModule.app */ = {isa = PBXFileReference; explicitFileType = wrapper.application; includeInIndex = 0; path = SwiftModule.app; sourceTree = BUILT_PRODUCTS_DIR; };
		3A0659C91E17A44A00C00D1F /* AppDelegate.swift */ = {isa = PBXFileReference; lastKnownFileType = sourcecode.swift; path = AppDelegate.swift; sourceTree = "<group>"; };
		3A0659CB1E17A44A00C00D1F /* ViewController.swift */ = {isa = PBXFileReference; lastKnownFileType = sourcecode.swift; path = ViewController.swift; sourceTree = "<group>"; };
		3A0659CE1E17A44A00C00D1F /* Base */ = {isa = PBXFileReference; lastKnownFileType = file.storyboard; name = Base; path = Base.lproj/Main.storyboard; sourceTree = "<group>"; };
		3A0659D01E17A44A00C00D1F /* Assets.xcassets */ = {isa = PBXFileReference; lastKnownFileType = folder.assetcatalog; path = Assets.xcassets; sourceTree = "<group>"; };
		3A0659D31E17A44A00C00D1F /* Base */ = {isa = PBXFileReference; lastKnownFileType = file.storyboard; name = Base; path = Base.lproj/LaunchScreen.storyboard; sourceTree = "<group>"; };
		3A0659D51E17A44A00C00D1F /* Info.plist */ = {isa = PBXFileReference; lastKnownFileType = text.plist.xml; path = Info.plist; sourceTree = "<group>"; };
		3A0659F21E17A4CB00C00D1F /* BusinessB.framework */ = {isa = PBXFileReference; explicitFileType = wrapper.framework; includeInIndex = 0; path = BusinessB.framework; sourceTree = BUILT_PRODUCTS_DIR; };
		3A0659F41E17A4CB00C00D1F /* BusinessB.h */ = {isa = PBXFileReference; lastKnownFileType = sourcecode.c.h; path = BusinessB.h; sourceTree = "<group>"; };
		3A0659F51E17A4CB00C00D1F /* Info.plist */ = {isa = PBXFileReference; lastKnownFileType = text.plist.xml; path = Info.plist; sourceTree = "<group>"; };
		3A065A031E17A4DB00C00D1F /* BusinessA.framework */ = {isa = PBXFileReference; explicitFileType = wrapper.framework; includeInIndex = 0; path = BusinessA.framework; sourceTree = BUILT_PRODUCTS_DIR; };
		3A065A051E17A4DB00C00D1F /* BusinessA.h */ = {isa = PBXFileReference; lastKnownFileType = sourcecode.c.h; path = BusinessA.h; sourceTree = "<group>"; };
		3A065A061E17A4DB00C00D1F /* Info.plist */ = {isa = PBXFileReference; lastKnownFileType = text.plist.xml; path = Info.plist; sourceTree = "<group>"; };
		3A065A0F1E17A63C00C00D1F /* BBViewController.swift */ = {isa = PBXFileReference; fileEncoding = 4; lastKnownFileType = sourcecode.swift; path = BBViewController.swift; sourceTree = "<group>"; };
		3A065A111E17A66A00C00D1F /* BAViewController.swift */ = {isa = PBXFileReference; fileEncoding = 4; lastKnownFileType = sourcecode.swift; path = BAViewController.swift; sourceTree = "<group>"; };
		3A065A121E17A66A00C00D1F /* BAViewController.xib */ = {isa = PBXFileReference; fileEncoding = 4; lastKnownFileType = file.xib; path = BAViewController.xib; sourceTree = "<group>"; };
		63533D4A6D269B7DFCCB7E3D /* Pods_BusinessA.framework */ = {isa = PBXFileReference; explicitFileType = wrapper.framework; includeInIndex = 0; path = Pods_BusinessA.framework; sourceTree = BUILT_PRODUCTS_DIR; };
		66C74E3E7F77A63DA54129A8 /* Pods-BusinessB.release.xcconfig */ = {isa = PBXFileReference; includeInIndex = 1; lastKnownFileType = text.xcconfig; name = "Pods-BusinessB.release.xcconfig"; path = "Pods/Target Support Files/Pods-BusinessB/Pods-BusinessB.release.xcconfig"; sourceTree = "<group>"; };
		A958B2E13A92E160A67030EF /* Pods-BusinessA.release.xcconfig */ = {isa = PBXFileReference; includeInIndex = 1; lastKnownFileType = text.xcconfig; name = "Pods-BusinessA.release.xcconfig"; path = "Pods/Target Support Files/Pods-BusinessA/Pods-BusinessA.release.xcconfig"; sourceTree = "<group>"; };
		AA08C74B160C4829EBAEFD0D /* Pods_BusinessB.framework */ = {isa = PBXFileReference; explicitFileType = wrapper.framework; includeInIndex = 0; path = Pods_BusinessB.framework; sourceTree = BUILT_PRODUCTS_DIR; };
		EAD841AB673CB324F6A6FB0C /* Pods-BusinessB.debug.xcconfig */ = {isa = PBXFileReference; includeInIndex = 1; lastKnownFileType = text.xcconfig; name = "Pods-BusinessB.debug.xcconfig"; path = "Pods/Target Support Files/Pods-BusinessB/Pods-BusinessB.debug.xcconfig"; sourceTree = "<group>"; };
/* End PBXFileReference section */

/* Begin PBXFrameworksBuildPhase section */
		3A0659C31E17A44A00C00D1F /* Frameworks */ = {
			isa = PBXFrameworksBuildPhase;
			buildActionMask = 2147483647;
			files = (
				3A065A0A1E17A4DB00C00D1F /* BusinessA.framework in Frameworks */,
				3A0659F91E17A4CB00C00D1F /* BusinessB.framework in Frameworks */,
				059A70D91A1CDBF993EF1FEF /* Pods_SwiftModule.framework in Frameworks */,
			);
			runOnlyForDeploymentPostprocessing = 0;
		};
		3A0659EE1E17A4CB00C00D1F /* Frameworks */ = {
			isa = PBXFrameworksBuildPhase;
			buildActionMask = 2147483647;
			files = (
				071AC91735B6410D713D467B /* Pods_BusinessB.framework in Frameworks */,
			);
			runOnlyForDeploymentPostprocessing = 0;
		};
		3A0659FF1E17A4DB00C00D1F /* Frameworks */ = {
			isa = PBXFrameworksBuildPhase;
			buildActionMask = 2147483647;
			files = (
				366EED85B88A0D301635DC7D /* Pods_BusinessA.framework in Frameworks */,
			);
			runOnlyForDeploymentPostprocessing = 0;
		};
/* End PBXFrameworksBuildPhase section */

/* Begin PBXGroup section */
		3A0659BD1E17A44A00C00D1F = {
			isa = PBXGroup;
			children = (
				3A0659C81E17A44A00C00D1F /* SwiftModule */,
				3A065A041E17A4DB00C00D1F /* BusinessA */,
				3A0659F31E17A4CB00C00D1F /* BusinessB */,
				3A0659C71E17A44A00C00D1F /* Products */,
				822EF9E85EBD6F4BF3E3B1F1 /* Pods */,
				A619FDB5832555D89E0101F7 /* Frameworks */,
			);
			sourceTree = "<group>";
		};
		3A0659C71E17A44A00C00D1F /* Products */ = {
			isa = PBXGroup;
			children = (
				3A0659C61E17A44A00C00D1F /* SwiftModule.app */,
				3A0659F21E17A4CB00C00D1F /* BusinessB.framework */,
				3A065A031E17A4DB00C00D1F /* BusinessA.framework */,
			);
			name = Products;
			sourceTree = "<group>";
		};
		3A0659C81E17A44A00C00D1F /* SwiftModule */ = {
			isa = PBXGroup;
			children = (
				3A0659C91E17A44A00C00D1F /* AppDelegate.swift */,
				3A0659CB1E17A44A00C00D1F /* ViewController.swift */,
				3A0659CD1E17A44A00C00D1F /* Main.storyboard */,
				3A0659D01E17A44A00C00D1F /* Assets.xcassets */,
				3A0659D21E17A44A00C00D1F /* LaunchScreen.storyboard */,
				3A0659D51E17A44A00C00D1F /* Info.plist */,
			);
			path = SwiftModule;
			sourceTree = "<group>";
		};
		3A0659F31E17A4CB00C00D1F /* BusinessB */ = {
			isa = PBXGroup;
			children = (
				3A0659F41E17A4CB00C00D1F /* BusinessB.h */,
				3A0659F51E17A4CB00C00D1F /* Info.plist */,
				3A065A0F1E17A63C00C00D1F /* BBViewController.swift */,
			);
			path = BusinessB;
			sourceTree = "<group>";
		};
		3A065A041E17A4DB00C00D1F /* BusinessA */ = {
			isa = PBXGroup;
			children = (
				3A065A051E17A4DB00C00D1F /* BusinessA.h */,
				3A065A061E17A4DB00C00D1F /* Info.plist */,
				3A065A111E17A66A00C00D1F /* BAViewController.swift */,
				3A065A121E17A66A00C00D1F /* BAViewController.xib */,
			);
			path = BusinessA;
			sourceTree = "<group>";
		};
		822EF9E85EBD6F4BF3E3B1F1 /* Pods */ = {
			isa = PBXGroup;
			children = (
				05718E4E10E954996F140D55 /* Pods-BusinessA.debug.xcconfig */,
				A958B2E13A92E160A67030EF /* Pods-BusinessA.release.xcconfig */,
				EAD841AB673CB324F6A6FB0C /* Pods-BusinessB.debug.xcconfig */,
				66C74E3E7F77A63DA54129A8 /* Pods-BusinessB.release.xcconfig */,
				1B8EABE8B7EA200E889462BA /* Pods-SwiftModule.debug.xcconfig */,
				36B6E7DBD9794ED9F0E259A1 /* Pods-SwiftModule.release.xcconfig */,
			);
			name = Pods;
			sourceTree = "<group>";
		};
		A619FDB5832555D89E0101F7 /* Frameworks */ = {
			isa = PBXGroup;
			children = (
				63533D4A6D269B7DFCCB7E3D /* Pods_BusinessA.framework */,
				AA08C74B160C4829EBAEFD0D /* Pods_BusinessB.framework */,
				1A332882A5E50AD4FC561884 /* Pods_SwiftModule.framework */,
			);
			name = Frameworks;
			sourceTree = "<group>";
		};
/* End PBXGroup section */

/* Begin PBXHeadersBuildPhase section */
		3A0659EF1E17A4CB00C00D1F /* Headers */ = {
			isa = PBXHeadersBuildPhase;
			buildActionMask = 2147483647;
			files = (
				3A0659F61E17A4CB00C00D1F /* BusinessB.h in Headers */,
			);
			runOnlyForDeploymentPostprocessing = 0;
		};
		3A065A001E17A4DB00C00D1F /* Headers */ = {
			isa = PBXHeadersBuildPhase;
			buildActionMask = 2147483647;
			files = (
				3A065A071E17A4DB00C00D1F /* BusinessA.h in Headers */,
			);
			runOnlyForDeploymentPostprocessing = 0;
		};
/* End PBXHeadersBuildPhase section */

/* Begin PBXNativeTarget section */
		3A0659C51E17A44A00C00D1F /* SwiftModule */ = {
			isa = PBXNativeTarget;
			buildConfigurationList = 3A0659D81E17A44A00C00D1F /* Build configuration list for PBXNativeTarget "SwiftModule" */;
			buildPhases = (
				CE736B9719692A50E38C3525 /* [CP] Check Pods Manifest.lock */,
				3A0659C21E17A44A00C00D1F /* Sources */,
				3A0659C31E17A44A00C00D1F /* Frameworks */,
				3A0659C41E17A44A00C00D1F /* Resources */,
				3A0659EC1E17A4B700C00D1F /* Embed Frameworks */,
				9FAD73E83393AD75944F6003 /* [CP] Embed Pods Frameworks */,
				8F3CDBAAE91E412443F9C58E /* [CP] Copy Pods Resources */,
			);
			buildRules = (
			);
			dependencies = (
				3A0659F81E17A4CB00C00D1F /* PBXTargetDependency */,
				3A065A091E17A4DB00C00D1F /* PBXTargetDependency */,
			);
			name = SwiftModule;
			productName = SwiftModule;
			productReference = 3A0659C61E17A44A00C00D1F /* SwiftModule.app */;
			productType = "com.apple.product-type.application";
		};
		3A0659F11E17A4CB00C00D1F /* BusinessB */ = {
			isa = PBXNativeTarget;
			buildConfigurationList = 3A0659FB1E17A4CB00C00D1F /* Build configuration list for PBXNativeTarget "BusinessB" */;
			buildPhases = (
				D2F220261BFD67441C2FB638 /* [CP] Check Pods Manifest.lock */,
				3A0659ED1E17A4CB00C00D1F /* Sources */,
				3A0659EE1E17A4CB00C00D1F /* Frameworks */,
				3A0659EF1E17A4CB00C00D1F /* Headers */,
				3A0659F01E17A4CB00C00D1F /* Resources */,
				2DB0242D982E88703917104B /* [CP] Copy Pods Resources */,
			);
			buildRules = (
			);
			dependencies = (
			);
			name = BusinessB;
			productName = BusinessB;
			productReference = 3A0659F21E17A4CB00C00D1F /* BusinessB.framework */;
			productType = "com.apple.product-type.framework";
		};
		3A065A021E17A4DB00C00D1F /* BusinessA */ = {
			isa = PBXNativeTarget;
			buildConfigurationList = 3A065A0C1E17A4DC00C00D1F /* Build configuration list for PBXNativeTarget "BusinessA" */;
			buildPhases = (
				DCB2A8DD7ED3D7FFCE7E427A /* [CP] Check Pods Manifest.lock */,
				3A0659FE1E17A4DB00C00D1F /* Sources */,
				3A0659FF1E17A4DB00C00D1F /* Frameworks */,
				3A065A001E17A4DB00C00D1F /* Headers */,
				3A065A011E17A4DB00C00D1F /* Resources */,
				9264103197252C633365840A /* [CP] Copy Pods Resources */,
			);
			buildRules = (
			);
			dependencies = (
			);
			name = BusinessA;
			productName = BusinessA;
			productReference = 3A065A031E17A4DB00C00D1F /* BusinessA.framework */;
			productType = "com.apple.product-type.framework";
		};
/* End PBXNativeTarget section */

/* Begin PBXProject section */
		3A0659BE1E17A44A00C00D1F /* Project object */ = {
			isa = PBXProject;
			attributes = {
				LastSwiftUpdateCheck = 0820;
				LastUpgradeCheck = 0820;
				ORGANIZATIONNAME = "卓同学";
				TargetAttributes = {
					3A0659C51E17A44A00C00D1F = {
						CreatedOnToolsVersion = 8.2.1;
						DevelopmentTeam = DX3SJ54BCR;
						ProvisioningStyle = Automatic;
					};
					3A0659F11E17A4CB00C00D1F = {
						CreatedOnToolsVersion = 8.2.1;
						DevelopmentTeam = DX3SJ54BCR;
						LastSwiftMigration = 0820;
						ProvisioningStyle = Automatic;
					};
					3A065A021E17A4DB00C00D1F = {
						CreatedOnToolsVersion = 8.2.1;
						DevelopmentTeam = DX3SJ54BCR;
						LastSwiftMigration = 0820;
						ProvisioningStyle = Automatic;
					};
				};
			};
			buildConfigurationList = 3A0659C11E17A44A00C00D1F /* Build configuration list for PBXProject "SwiftModule" */;
			compatibilityVersion = "Xcode 3.2";
			developmentRegion = English;
			hasScannedForEncodings = 0;
			knownRegions = (
				en,
				Base,
			);
			mainGroup = 3A0659BD1E17A44A00C00D1F;
			productRefGroup = 3A0659C71E17A44A00C00D1F /* Products */;
			projectDirPath = "";
			projectRoot = "";
			targets = (
				3A0659C51E17A44A00C00D1F /* SwiftModule */,
				3A0659F11E17A4CB00C00D1F /* BusinessB */,
				3A065A021E17A4DB00C00D1F /* BusinessA */,
			);
		};
/* End PBXProject section */

/* Begin PBXResourcesBuildPhase section */
		3A0659C41E17A44A00C00D1F /* Resources */ = {
			isa = PBXResourcesBuildPhase;
			buildActionMask = 2147483647;
			files = (
				3A0659D41E17A44A00C00D1F /* LaunchScreen.storyboard in Resources */,
				3A0659D11E17A44A00C00D1F /* Assets.xcassets in Resources */,
				3A0659CF1E17A44A00C00D1F /* Main.storyboard in Resources */,
			);
			runOnlyForDeploymentPostprocessing = 0;
		};
		3A0659F01E17A4CB00C00D1F /* Resources */ = {
			isa = PBXResourcesBuildPhase;
			buildActionMask = 2147483647;
			files = (
			);
			runOnlyForDeploymentPostprocessing = 0;
		};
		3A065A011E17A4DB00C00D1F /* Resources */ = {
			isa = PBXResourcesBuildPhase;
			buildActionMask = 2147483647;
			files = (
				3A065A141E17A66A00C00D1F /* BAViewController.xib in Resources */,
			);
			runOnlyForDeploymentPostprocessing = 0;
		};
/* End PBXResourcesBuildPhase section */

/* Begin PBXShellScriptBuildPhase section */
		2DB0242D982E88703917104B /* [CP] Copy Pods Resources */ = {
			isa = PBXShellScriptBuildPhase;
			buildActionMask = 2147483647;
			files = (
			);
			inputPaths = (
			);
			name = "[CP] Copy Pods Resources";
			outputPaths = (
			);
			runOnlyForDeploymentPostprocessing = 0;
			shellPath = /bin/sh;
			shellScript = "\"${SRCROOT}/Pods/Target Support Files/Pods-BusinessB/Pods-BusinessB-resources.sh\"\n";
			showEnvVarsInLog = 0;
		};
		8F3CDBAAE91E412443F9C58E /* [CP] Copy Pods Resources */ = {
			isa = PBXShellScriptBuildPhase;
			buildActionMask = 2147483647;
			files = (
			);
			inputPaths = (
			);
			name = "[CP] Copy Pods Resources";
			outputPaths = (
			);
			runOnlyForDeploymentPostprocessing = 0;
			shellPath = /bin/sh;
			shellScript = "\"${SRCROOT}/Pods/Target Support Files/Pods-SwiftModule/Pods-SwiftModule-resources.sh\"\n";
			showEnvVarsInLog = 0;
		};
		9264103197252C633365840A /* [CP] Copy Pods Resources */ = {
			isa = PBXShellScriptBuildPhase;
			buildActionMask = 2147483647;
			files = (
			);
			inputPaths = (
			);
			name = "[CP] Copy Pods Resources";
			outputPaths = (
			);
			runOnlyForDeploymentPostprocessing = 0;
			shellPath = /bin/sh;
			shellScript = "\"${SRCROOT}/Pods/Target Support Files/Pods-BusinessA/Pods-BusinessA-resources.sh\"\n";
			showEnvVarsInLog = 0;
		};
		9FAD73E83393AD75944F6003 /* [CP] Embed Pods Frameworks */ = {
			isa = PBXShellScriptBuildPhase;
			buildActionMask = 2147483647;
			files = (
			);
			inputPaths = (
			);
			name = "[CP] Embed Pods Frameworks";
			outputPaths = (
			);
			runOnlyForDeploymentPostprocessing = 0;
			shellPath = /bin/sh;
			shellScript = "\"${SRCROOT}/Pods/Target Support Files/Pods-SwiftModule/Pods-SwiftModule-frameworks.sh\"\n";
			showEnvVarsInLog = 0;
		};
		CE736B9719692A50E38C3525 /* [CP] Check Pods Manifest.lock */ = {
			isa = PBXShellScriptBuildPhase;
			buildActionMask = 2147483647;
			files = (
			);
			inputPaths = (
			);
			name = "[CP] Check Pods Manifest.lock";
			outputPaths = (
			);
			runOnlyForDeploymentPostprocessing = 0;
			shellPath = /bin/sh;
			shellScript = "diff \"${PODS_ROOT}/../Podfile.lock\" \"${PODS_ROOT}/Manifest.lock\" > /dev/null\nif [ $? != 0 ] ; then\n    # print error to STDERR\n    echo \"error: The sandbox is not in sync with the Podfile.lock. Run 'pod install' or update your CocoaPods installation.\" >&2\n    exit 1\nfi\n";
			showEnvVarsInLog = 0;
		};
		D2F220261BFD67441C2FB638 /* [CP] Check Pods Manifest.lock */ = {
			isa = PBXShellScriptBuildPhase;
			buildActionMask = 2147483647;
			files = (
			);
			inputPaths = (
			);
			name = "[CP] Check Pods Manifest.lock";
			outputPaths = (
			);
			runOnlyForDeploymentPostprocessing = 0;
			shellPath = /bin/sh;
			shellScript = "diff \"${PODS_ROOT}/../Podfile.lock\" \"${PODS_ROOT}/Manifest.lock\" > /dev/null\nif [ $? != 0 ] ; then\n    # print error to STDERR\n    echo \"error: The sandbox is not in sync with the Podfile.lock. Run 'pod install' or update your CocoaPods installation.\" >&2\n    exit 1\nfi\n";
			showEnvVarsInLog = 0;
		};
		DCB2A8DD7ED3D7FFCE7E427A /* [CP] Check Pods Manifest.lock */ = {
			isa = PBXShellScriptBuildPhase;
			buildActionMask = 2147483647;
			files = (
			);
			inputPaths = (
			);
			name = "[CP] Check Pods Manifest.lock";
			outputPaths = (
			);
			runOnlyForDeploymentPostprocessing = 0;
			shellPath = /bin/sh;
			shellScript = "diff \"${PODS_ROOT}/../Podfile.lock\" \"${PODS_ROOT}/Manifest.lock\" > /dev/null\nif [ $? != 0 ] ; then\n    # print error to STDERR\n    echo \"error: The sandbox is not in sync with the Podfile.lock. Run 'pod install' or update your CocoaPods installation.\" >&2\n    exit 1\nfi\n";
			showEnvVarsInLog = 0;
		};
/* End PBXShellScriptBuildPhase section */

/* Begin PBXSourcesBuildPhase section */
		3A0659C21E17A44A00C00D1F /* Sources */ = {
			isa = PBXSourcesBuildPhase;
			buildActionMask = 2147483647;
			files = (
				3A0659CC1E17A44A00C00D1F /* ViewController.swift in Sources */,
				3A0659CA1E17A44A00C00D1F /* AppDelegate.swift in Sources */,
			);
			runOnlyForDeploymentPostprocessing = 0;
		};
		3A0659ED1E17A4CB00C00D1F /* Sources */ = {
			isa = PBXSourcesBuildPhase;
			buildActionMask = 2147483647;
			files = (
				3A065A101E17A63C00C00D1F /* BBViewController.swift in Sources */,
			);
			runOnlyForDeploymentPostprocessing = 0;
		};
		3A0659FE1E17A4DB00C00D1F /* Sources */ = {
			isa = PBXSourcesBuildPhase;
			buildActionMask = 2147483647;
			files = (
				3A065A131E17A66A00C00D1F /* BAViewController.swift in Sources */,
			);
			runOnlyForDeploymentPostprocessing = 0;
		};
/* End PBXSourcesBuildPhase section */

/* Begin PBXTargetDependency section */
		3A0659F81E17A4CB00C00D1F /* PBXTargetDependency */ = {
			isa = PBXTargetDependency;
			target = 3A0659F11E17A4CB00C00D1F /* BusinessB */;
			targetProxy = 3A0659F71E17A4CB00C00D1F /* PBXContainerItemProxy */;
		};
		3A065A091E17A4DB00C00D1F /* PBXTargetDependency */ = {
			isa = PBXTargetDependency;
			target = 3A065A021E17A4DB00C00D1F /* BusinessA */;
			targetProxy = 3A065A081E17A4DB00C00D1F /* PBXContainerItemProxy */;
		};
/* End PBXTargetDependency section */

/* Begin PBXVariantGroup section */
		3A0659CD1E17A44A00C00D1F /* Main.storyboard */ = {
			isa = PBXVariantGroup;
			children = (
				3A0659CE1E17A44A00C00D1F /* Base */,
			);
			name = Main.storyboard;
			sourceTree = "<group>";
		};
		3A0659D21E17A44A00C00D1F /* LaunchScreen.storyboard */ = {
			isa = PBXVariantGroup;
			children = (
				3A0659D31E17A44A00C00D1F /* Base */,
			);
			name = LaunchScreen.storyboard;
			sourceTree = "<group>";
		};
/* End PBXVariantGroup section */

/* Begin XCBuildConfiguration section */
		3A0659D61E17A44A00C00D1F /* Debug */ = {
			isa = XCBuildConfiguration;
			buildSettings = {
				ALWAYS_SEARCH_USER_PATHS = NO;
				CLANG_ANALYZER_NONNULL = YES;
				CLANG_CXX_LANGUAGE_STANDARD = "gnu++0x";
				CLANG_CXX_LIBRARY = "libc++";
				CLANG_ENABLE_MODULES = YES;
				CLANG_ENABLE_OBJC_ARC = YES;
				CLANG_WARN_BOOL_CONVERSION = YES;
				CLANG_WARN_CONSTANT_CONVERSION = YES;
				CLANG_WARN_DIRECT_OBJC_ISA_USAGE = YES_ERROR;
				CLANG_WARN_DOCUMENTATION_COMMENTS = YES;
				CLANG_WARN_EMPTY_BODY = YES;
				CLANG_WARN_ENUM_CONVERSION = YES;
				CLANG_WARN_INFINITE_RECURSION = YES;
				CLANG_WARN_INT_CONVERSION = YES;
				CLANG_WARN_OBJC_ROOT_CLASS = YES_ERROR;
				CLANG_WARN_SUSPICIOUS_MOVE = YES;
				CLANG_WARN_UNREACHABLE_CODE = YES;
				CLANG_WARN__DUPLICATE_METHOD_MATCH = YES;
				"CODE_SIGN_IDENTITY[sdk=iphoneos*]" = "iPhone Developer";
				COPY_PHASE_STRIP = NO;
				DEBUG_INFORMATION_FORMAT = dwarf;
				ENABLE_STRICT_OBJC_MSGSEND = YES;
				ENABLE_TESTABILITY = YES;
				GCC_C_LANGUAGE_STANDARD = gnu99;
				GCC_DYNAMIC_NO_PIC = NO;
				GCC_NO_COMMON_BLOCKS = YES;
				GCC_OPTIMIZATION_LEVEL = 0;
				GCC_PREPROCESSOR_DEFINITIONS = (
					"DEBUG=1",
					"$(inherited)",
				);
				GCC_WARN_64_TO_32_BIT_CONVERSION = YES;
				GCC_WARN_ABOUT_RETURN_TYPE = YES_ERROR;
				GCC_WARN_UNDECLARED_SELECTOR = YES;
				GCC_WARN_UNINITIALIZED_AUTOS = YES_AGGRESSIVE;
				GCC_WARN_UNUSED_FUNCTION = YES;
				GCC_WARN_UNUSED_VARIABLE = YES;
				IPHONEOS_DEPLOYMENT_TARGET = 10.2;
				MTL_ENABLE_DEBUG_INFO = YES;
				ONLY_ACTIVE_ARCH = YES;
				SDKROOT = iphoneos;
				SWIFT_ACTIVE_COMPILATION_CONDITIONS = DEBUG;
				SWIFT_OPTIMIZATION_LEVEL = "-Onone";
			};
			name = Debug;
		};
		3A0659D71E17A44A00C00D1F /* Release */ = {
			isa = XCBuildConfiguration;
			buildSettings = {
				ALWAYS_SEARCH_USER_PATHS = NO;
				CLANG_ANALYZER_NONNULL = YES;
				CLANG_CXX_LANGUAGE_STANDARD = "gnu++0x";
				CLANG_CXX_LIBRARY = "libc++";
				CLANG_ENABLE_MODULES = YES;
				CLANG_ENABLE_OBJC_ARC = YES;
				CLANG_WARN_BOOL_CONVERSION = YES;
				CLANG_WARN_CONSTANT_CONVERSION = YES;
				CLANG_WARN_DIRECT_OBJC_ISA_USAGE = YES_ERROR;
				CLANG_WARN_DOCUMENTATION_COMMENTS = YES;
				CLANG_WARN_EMPTY_BODY = YES;
				CLANG_WARN_ENUM_CONVERSION = YES;
				CLANG_WARN_INFINITE_RECURSION = YES;
				CLANG_WARN_INT_CONVERSION = YES;
				CLANG_WARN_OBJC_ROOT_CLASS = YES_ERROR;
				CLANG_WARN_SUSPICIOUS_MOVE = YES;
				CLANG_WARN_UNREACHABLE_CODE = YES;
				CLANG_WARN__DUPLICATE_METHOD_MATCH = YES;
				"CODE_SIGN_IDENTITY[sdk=iphoneos*]" = "iPhone Developer";
				COPY_PHASE_STRIP = NO;
				DEBUG_INFORMATION_FORMAT = "dwarf-with-dsym";
				ENABLE_NS_ASSERTIONS = NO;
				ENABLE_STRICT_OBJC_MSGSEND = YES;
				GCC_C_LANGUAGE_STANDARD = gnu99;
				GCC_NO_COMMON_BLOCKS = YES;
				GCC_WARN_64_TO_32_BIT_CONVERSION = YES;
				GCC_WARN_ABOUT_RETURN_TYPE = YES_ERROR;
				GCC_WARN_UNDECLARED_SELECTOR = YES;
				GCC_WARN_UNINITIALIZED_AUTOS = YES_AGGRESSIVE;
				GCC_WARN_UNUSED_FUNCTION = YES;
				GCC_WARN_UNUSED_VARIABLE = YES;
				IPHONEOS_DEPLOYMENT_TARGET = 10.2;
				MTL_ENABLE_DEBUG_INFO = NO;
				SDKROOT = iphoneos;
				SWIFT_OPTIMIZATION_LEVEL = "-Owholemodule";
				VALIDATE_PRODUCT = YES;
			};
			name = Release;
		};
		3A0659D91E17A44A00C00D1F /* Debug */ = {
			isa = XCBuildConfiguration;
			baseConfigurationReference = 1B8EABE8B7EA200E889462BA /* Pods-SwiftModule.debug.xcconfig */;
			buildSettings = {
				ALWAYS_EMBED_SWIFT_STANDARD_LIBRARIES = YES;
				ASSETCATALOG_COMPILER_APPICON_NAME = AppIcon;
				DEVELOPMENT_TEAM = DX3SJ54BCR;
				INFOPLIST_FILE = SwiftModule/Info.plist;
				IPHONEOS_DEPLOYMENT_TARGET = 10.2;
				LD_RUNPATH_SEARCH_PATHS = "$(inherited) @executable_path/Frameworks";
				PRODUCT_BUNDLE_IDENTIFIER = lacklock.SwiftModule;
				PRODUCT_NAME = "$(TARGET_NAME)";
				SWIFT_VERSION = 3.0;
			};
			name = Debug;
		};
		3A0659DA1E17A44A00C00D1F /* Release */ = {
			isa = XCBuildConfiguration;
			baseConfigurationReference = 36B6E7DBD9794ED9F0E259A1 /* Pods-SwiftModule.release.xcconfig */;
			buildSettings = {
				ALWAYS_EMBED_SWIFT_STANDARD_LIBRARIES = YES;
				ASSETCATALOG_COMPILER_APPICON_NAME = AppIcon;
				DEVELOPMENT_TEAM = DX3SJ54BCR;
				INFOPLIST_FILE = SwiftModule/Info.plist;
				IPHONEOS_DEPLOYMENT_TARGET = 10.2;
				LD_RUNPATH_SEARCH_PATHS = "$(inherited) @executable_path/Frameworks";
				PRODUCT_BUNDLE_IDENTIFIER = lacklock.SwiftModule;
				PRODUCT_NAME = "$(TARGET_NAME)";
				SWIFT_VERSION = 3.0;
			};
			name = Release;
		};
		3A0659FC1E17A4CB00C00D1F /* Debug */ = {
			isa = XCBuildConfiguration;
			baseConfigurationReference = EAD841AB673CB324F6A6FB0C /* Pods-BusinessB.debug.xcconfig */;
			buildSettings = {
				CLANG_ENABLE_MODULES = YES;
				CODE_SIGN_IDENTITY = "";
				CURRENT_PROJECT_VERSION = 1;
				DEFINES_MODULE = YES;
				DEVELOPMENT_TEAM = DX3SJ54BCR;
				DYLIB_COMPATIBILITY_VERSION = 1;
				DYLIB_CURRENT_VERSION = 1;
				DYLIB_INSTALL_NAME_BASE = "@rpath";
				INFOPLIST_FILE = BusinessB/Info.plist;
				INSTALL_PATH = "$(LOCAL_LIBRARY_DIR)/Frameworks";
				LD_RUNPATH_SEARCH_PATHS = "$(inherited) @executable_path/Frameworks @loader_path/Frameworks";
				PRODUCT_BUNDLE_IDENTIFIER = lacklock.BusinessB;
				PRODUCT_NAME = "$(TARGET_NAME)";
				SKIP_INSTALL = YES;
				SWIFT_OPTIMIZATION_LEVEL = "-Onone";
				SWIFT_VERSION = 3.0;
				TARGETED_DEVICE_FAMILY = "1,2";
				VERSIONING_SYSTEM = "apple-generic";
				VERSION_INFO_PREFIX = "";
			};
			name = Debug;
		};
		3A0659FD1E17A4CB00C00D1F /* Release */ = {
			isa = XCBuildConfiguration;
			baseConfigurationReference = 66C74E3E7F77A63DA54129A8 /* Pods-BusinessB.release.xcconfig */;
			buildSettings = {
				CLANG_ENABLE_MODULES = YES;
				CODE_SIGN_IDENTITY = "";
				CURRENT_PROJECT_VERSION = 1;
				DEFINES_MODULE = YES;
				DEVELOPMENT_TEAM = DX3SJ54BCR;
				DYLIB_COMPATIBILITY_VERSION = 1;
				DYLIB_CURRENT_VERSION = 1;
				DYLIB_INSTALL_NAME_BASE = "@rpath";
				INFOPLIST_FILE = BusinessB/Info.plist;
				INSTALL_PATH = "$(LOCAL_LIBRARY_DIR)/Frameworks";
				LD_RUNPATH_SEARCH_PATHS = "$(inherited) @executable_path/Frameworks @loader_path/Frameworks";
				PRODUCT_BUNDLE_IDENTIFIER = lacklock.BusinessB;
				PRODUCT_NAME = "$(TARGET_NAME)";
				SKIP_INSTALL = YES;
				SWIFT_VERSION = 3.0;
				TARGETED_DEVICE_FAMILY = "1,2";
				VERSIONING_SYSTEM = "apple-generic";
				VERSION_INFO_PREFIX = "";
			};
			name = Release;
		};
		3A065A0D1E17A4DC00C00D1F /* Debug */ = {
			isa = XCBuildConfiguration;
			baseConfigurationReference = 05718E4E10E954996F140D55 /* Pods-BusinessA.debug.xcconfig */;
			buildSettings = {
				CLANG_ENABLE_MODULES = YES;
				CODE_SIGN_IDENTITY = "";
				CURRENT_PROJECT_VERSION = 1;
				DEFINES_MODULE = YES;
				DEVELOPMENT_TEAM = DX3SJ54BCR;
				DYLIB_COMPATIBILITY_VERSION = 1;
				DYLIB_CURRENT_VERSION = 1;
				DYLIB_INSTALL_NAME_BASE = "@rpath";
				INFOPLIST_FILE = BusinessA/Info.plist;
				INSTALL_PATH = "$(LOCAL_LIBRARY_DIR)/Frameworks";
				LD_RUNPATH_SEARCH_PATHS = "$(inherited) @executable_path/Frameworks @loader_path/Frameworks";
				PRODUCT_BUNDLE_IDENTIFIER = lacklock.BusinessA;
				PRODUCT_NAME = "$(TARGET_NAME)";
				SKIP_INSTALL = YES;
				SWIFT_OPTIMIZATION_LEVEL = "-Onone";
				SWIFT_VERSION = 3.0;
				TARGETED_DEVICE_FAMILY = "1,2";
				VERSIONING_SYSTEM = "apple-generic";
				VERSION_INFO_PREFIX = "";
			};
			name = Debug;
		};
		3A065A0E1E17A4DC00C00D1F /* Release */ = {
			isa = XCBuildConfiguration;
			baseConfigurationReference = A958B2E13A92E160A67030EF /* Pods-BusinessA.release.xcconfig */;
			buildSettings = {
				CLANG_ENABLE_MODULES = YES;
				CODE_SIGN_IDENTITY = "";
				CURRENT_PROJECT_VERSION = 1;
				DEFINES_MODULE = YES;
				DEVELOPMENT_TEAM = DX3SJ54BCR;
				DYLIB_COMPATIBILITY_VERSION = 1;
				DYLIB_CURRENT_VERSION = 1;
				DYLIB_INSTALL_NAME_BASE = "@rpath";
				INFOPLIST_FILE = BusinessA/Info.plist;
				INSTALL_PATH = "$(LOCAL_LIBRARY_DIR)/Frameworks";
				LD_RUNPATH_SEARCH_PATHS = "$(inherited) @executable_path/Frameworks @loader_path/Frameworks";
				PRODUCT_BUNDLE_IDENTIFIER = lacklock.BusinessA;
				PRODUCT_NAME = "$(TARGET_NAME)";
				SKIP_INSTALL = YES;
				SWIFT_VERSION = 3.0;
				TARGETED_DEVICE_FAMILY = "1,2";
				VERSIONING_SYSTEM = "apple-generic";
				VERSION_INFO_PREFIX = "";
			};
			name = Release;
		};
/* End XCBuildConfiguration section */

/* Begin XCConfigurationList section */
		3A0659C11E17A44A00C00D1F /* Build configuration list for PBXProject "SwiftModule" */ = {
			isa = XCConfigurationList;
			buildConfigurations = (
				3A0659D61E17A44A00C00D1F /* Debug */,
				3A0659D71E17A44A00C00D1F /* Release */,
			);
			defaultConfigurationIsVisible = 0;
			defaultConfigurationName = Release;
		};
		3A0659D81E17A44A00C00D1F /* Build configuration list for PBXNativeTarget "SwiftModule" */ = {
			isa = XCConfigurationList;
			buildConfigurations = (
				3A0659D91E17A44A00C00D1F /* Debug */,
				3A0659DA1E17A44A00C00D1F /* Release */,
			);
			defaultConfigurationIsVisible = 0;
			defaultConfigurationName = Release;
		};
		3A0659FB1E17A4CB00C00D1F /* Build configuration list for PBXNativeTarget "BusinessB" */ = {
			isa = XCConfigurationList;
			buildConfigurations = (
				3A0659FC1E17A4CB00C00D1F /* Debug */,
				3A0659FD1E17A4CB00C00D1F /* Release */,
			);
			defaultConfigurationIsVisible = 0;
			defaultConfigurationName = Release;
		};
		3A065A0C1E17A4DC00C00D1F /* Build configuration list for PBXNativeTarget "BusinessA" */ = {
			isa = XCConfigurationList;
			buildConfigurations = (
				3A065A0D1E17A4DC00C00D1F /* Debug */,
				3A065A0E1E17A4DC00C00D1F /* Release */,
			);
			defaultConfigurationIsVisible = 0;
			defaultConfigurationName = Release;
		};
/* End XCConfigurationList section */
	};
	rootObject = 3A0659BE1E17A44A00C00D1F /* Project object */;
}
